// !$*UTF8*$!
{
	archiveVersion = 1;
	classes = {
	};
	objectVersion = 50;
	objects = {

/* Begin PBXBuildFile section */
		3DAA77E7DBBCF0B56D3F7841 /* Pods_Smack_Chat_App.framework in Frameworks */ = {isa = PBXBuildFile; fileRef = CF860AE7B419255A595D4EEF /* Pods_Smack_Chat_App.framework */; };
		972082D521B9B7DB00B53597 /* Constants.swift in Sources */ = {isa = PBXBuildFile; fileRef = 972082D421B9B7DA00B53597 /* Constants.swift */; };
		972082D721B9BD6000B53597 /* LoginVC.swift in Sources */ = {isa = PBXBuildFile; fileRef = 972082D621B9BD6000B53597 /* LoginVC.swift */; };
		9743075521B7A052000D50EF /* GradientView.swift in Sources */ = {isa = PBXBuildFile; fileRef = 9743075421B7A052000D50EF /* GradientView.swift */; };
		976BC82821BBD27C002F70C3 /* RoundedButton.swift in Sources */ = {isa = PBXBuildFile; fileRef = 976BC82721BBD27C002F70C3 /* RoundedButton.swift */; };
		97C373E221BBB60F00566B18 /* AuthService.swift in Sources */ = {isa = PBXBuildFile; fileRef = 97C373E121BBB60F00566B18 /* AuthService.swift */; };
		97DCCDEE21BA96BC00712BC9 /* CreateAccountVC.swift in Sources */ = {isa = PBXBuildFile; fileRef = 97DCCDED21BA96BC00712BC9 /* CreateAccountVC.swift */; };
		97ECC94321B706EA0050E19E /* AppDelegate.swift in Sources */ = {isa = PBXBuildFile; fileRef = 97ECC94221B706EA0050E19E /* AppDelegate.swift */; };
		97ECC94521B706EA0050E19E /* ChatVC.swift in Sources */ = {isa = PBXBuildFile; fileRef = 97ECC94421B706EA0050E19E /* ChatVC.swift */; };
		97ECC94821B706EA0050E19E /* Main.storyboard in Resources */ = {isa = PBXBuildFile; fileRef = 97ECC94621B706EA0050E19E /* Main.storyboard */; };
		97ECC94A21B706EB0050E19E /* Assets.xcassets in Resources */ = {isa = PBXBuildFile; fileRef = 97ECC94921B706EB0050E19E /* Assets.xcassets */; };
		97ECC94D21B706EB0050E19E /* LaunchScreen.storyboard in Resources */ = {isa = PBXBuildFile; fileRef = 97ECC94B21B706EB0050E19E /* LaunchScreen.storyboard */; };
		97ECC95821B712D60050E19E /* SWRevealViewController.m in Sources */ = {isa = PBXBuildFile; fileRef = 97ECC95721B712D60050E19E /* SWRevealViewController.m */; };
		97ECC95E21B71A690050E19E /* ChannelVC.swift in Sources */ = {isa = PBXBuildFile; fileRef = 97ECC95D21B71A690050E19E /* ChannelVC.swift */; };
/* End PBXBuildFile section */

/* Begin PBXFileReference section */
		6E4EF8F53289257BE4AA8FC3 /* Pods-Smack-Chat App.debug.xcconfig */ = {isa = PBXFileReference; includeInIndex = 1; lastKnownFileType = text.xcconfig; name = "Pods-Smack-Chat App.debug.xcconfig"; path = "Pods/Target Support Files/Pods-Smack-Chat App/Pods-Smack-Chat App.debug.xcconfig"; sourceTree = "<group>"; };
		972082D421B9B7DA00B53597 /* Constants.swift */ = {isa = PBXFileReference; lastKnownFileType = sourcecode.swift; path = Constants.swift; sourceTree = "<group>"; };
		972082D621B9BD6000B53597 /* LoginVC.swift */ = {isa = PBXFileReference; lastKnownFileType = sourcecode.swift; path = LoginVC.swift; sourceTree = "<group>"; };
		9743075421B7A052000D50EF /* GradientView.swift */ = {isa = PBXFileReference; lastKnownFileType = sourcecode.swift; path = GradientView.swift; sourceTree = "<group>"; };
		976BC82721BBD27C002F70C3 /* RoundedButton.swift */ = {isa = PBXFileReference; lastKnownFileType = sourcecode.swift; path = RoundedButton.swift; sourceTree = "<group>"; };
		97C373E121BBB60F00566B18 /* AuthService.swift */ = {isa = PBXFileReference; lastKnownFileType = sourcecode.swift; path = AuthService.swift; sourceTree = "<group>"; };
		97DCCDED21BA96BC00712BC9 /* CreateAccountVC.swift */ = {isa = PBXFileReference; lastKnownFileType = sourcecode.swift; path = CreateAccountVC.swift; sourceTree = "<group>"; };
		97ECC93F21B706EA0050E19E /* Smack-Chat App.app */ = {isa = PBXFileReference; explicitFileType = wrapper.application; includeInIndex = 0; path = "Smack-Chat App.app"; sourceTree = BUILT_PRODUCTS_DIR; };
		97ECC94221B706EA0050E19E /* AppDelegate.swift */ = {isa = PBXFileReference; lastKnownFileType = sourcecode.swift; path = AppDelegate.swift; sourceTree = "<group>"; };
		97ECC94421B706EA0050E19E /* ChatVC.swift */ = {isa = PBXFileReference; lastKnownFileType = sourcecode.swift; path = ChatVC.swift; sourceTree = "<group>"; };
		97ECC94721B706EA0050E19E /* Base */ = {isa = PBXFileReference; lastKnownFileType = file.storyboard; name = Base; path = Base.lproj/Main.storyboard; sourceTree = "<group>"; };
		97ECC94921B706EB0050E19E /* Assets.xcassets */ = {isa = PBXFileReference; lastKnownFileType = folder.assetcatalog; path = Assets.xcassets; sourceTree = "<group>"; };
		97ECC94C21B706EB0050E19E /* Base */ = {isa = PBXFileReference; lastKnownFileType = file.storyboard; name = Base; path = Base.lproj/LaunchScreen.storyboard; sourceTree = "<group>"; };
		97ECC94E21B706EB0050E19E /* Info.plist */ = {isa = PBXFileReference; lastKnownFileType = text.plist.xml; path = Info.plist; sourceTree = "<group>"; };
		97ECC95521B712D50050E19E /* Smack-Chat App-Bridging-Header.h */ = {isa = PBXFileReference; lastKnownFileType = sourcecode.c.h; path = "Smack-Chat App-Bridging-Header.h"; sourceTree = "<group>"; };
		97ECC95621B712D60050E19E /* SWRevealViewController.h */ = {isa = PBXFileReference; fileEncoding = 4; lastKnownFileType = sourcecode.c.h; path = SWRevealViewController.h; sourceTree = "<group>"; };
		97ECC95721B712D60050E19E /* SWRevealViewController.m */ = {isa = PBXFileReference; fileEncoding = 4; lastKnownFileType = sourcecode.c.objc; path = SWRevealViewController.m; sourceTree = "<group>"; };
		97ECC95D21B71A690050E19E /* ChannelVC.swift */ = {isa = PBXFileReference; lastKnownFileType = sourcecode.swift; path = ChannelVC.swift; sourceTree = "<group>"; };
		CF860AE7B419255A595D4EEF /* Pods_Smack_Chat_App.framework */ = {isa = PBXFileReference; explicitFileType = wrapper.framework; includeInIndex = 0; path = Pods_Smack_Chat_App.framework; sourceTree = BUILT_PRODUCTS_DIR; };
		E5BCB10F9196FF028038FC09 /* Pods-Smack-Chat App.release.xcconfig */ = {isa = PBXFileReference; includeInIndex = 1; lastKnownFileType = text.xcconfig; name = "Pods-Smack-Chat App.release.xcconfig"; path = "Pods/Target Support Files/Pods-Smack-Chat App/Pods-Smack-Chat App.release.xcconfig"; sourceTree = "<group>"; };
/* End PBXFileReference section */

/* Begin PBXFrameworksBuildPhase section */
		97ECC93C21B706EA0050E19E /* Frameworks */ = {
			isa = PBXFrameworksBuildPhase;
			buildActionMask = 2147483647;
			files = (
				3DAA77E7DBBCF0B56D3F7841 /* Pods_Smack_Chat_App.framework in Frameworks */,
			);
			runOnlyForDeploymentPostprocessing = 0;
		};
/* End PBXFrameworksBuildPhase section */

/* Begin PBXGroup section */
		3C9C36E4F781F024F3DE1E74 /* Pods */ = {
			isa = PBXGroup;
			children = (
				6E4EF8F53289257BE4AA8FC3 /* Pods-Smack-Chat App.debug.xcconfig */,
				E5BCB10F9196FF028038FC09 /* Pods-Smack-Chat App.release.xcconfig */,
			);
			name = Pods;
			sourceTree = "<group>";
		};
		50EF82FF213C1968EDB3A3AD /* Frameworks */ = {
			isa = PBXGroup;
			children = (
				CF860AE7B419255A595D4EEF /* Pods_Smack_Chat_App.framework */,
			);
			name = Frameworks;
			sourceTree = "<group>";
		};
		971BC8E921BBB5C700451BAF /* Services */ = {
			isa = PBXGroup;
			children = (
				97C373E121BBB60F00566B18 /* AuthService.swift */,
			);
			path = Services;
			sourceTree = "<group>";
		};
		972082D321B9B7A100B53597 /* Utilities */ = {
			isa = PBXGroup;
			children = (
				972082D421B9B7DA00B53597 /* Constants.swift */,
			);
			path = Utilities;
			sourceTree = "<group>";
		};
		97ECC93621B706EA0050E19E = {
			isa = PBXGroup;
			children = (
				97ECC94121B706EA0050E19E /* Smack-Chat App */,
				97ECC94021B706EA0050E19E /* Products */,
				3C9C36E4F781F024F3DE1E74 /* Pods */,
				50EF82FF213C1968EDB3A3AD /* Frameworks */,
			);
			sourceTree = "<group>";
		};
		97ECC94021B706EA0050E19E /* Products */ = {
			isa = PBXGroup;
			children = (
				97ECC93F21B706EA0050E19E /* Smack-Chat App.app */,
			);
			name = Products;
			sourceTree = "<group>";
		};
		97ECC94121B706EA0050E19E /* Smack-Chat App */ = {
			isa = PBXGroup;
			children = (
				971BC8E921BBB5C700451BAF /* Services */,
				972082D321B9B7A100B53597 /* Utilities */,
				97ECC95C21B71A410050E19E /* Model */,
				97ECC95B21B71A370050E19E /* View */,
				97ECC95921B71A240050E19E /* Controller */,
				97ECC95421B712C40050E19E /* Supporting Files */,
				97ECC94221B706EA0050E19E /* AppDelegate.swift */,
				97ECC94621B706EA0050E19E /* Main.storyboard */,
				97ECC94921B706EB0050E19E /* Assets.xcassets */,
				97ECC94B21B706EB0050E19E /* LaunchScreen.storyboard */,
				97ECC94E21B706EB0050E19E /* Info.plist */,
			);
			path = "Smack-Chat App";
			sourceTree = "<group>";
		};
		97ECC95421B712C40050E19E /* Supporting Files */ = {
			isa = PBXGroup;
			children = (
				97ECC95621B712D60050E19E /* SWRevealViewController.h */,
				97ECC95721B712D60050E19E /* SWRevealViewController.m */,
				97ECC95521B712D50050E19E /* Smack-Chat App-Bridging-Header.h */,
			);
			path = "Supporting Files";
			sourceTree = "<group>";
		};
		97ECC95921B71A240050E19E /* Controller */ = {
			isa = PBXGroup;
			children = (
				97ECC94421B706EA0050E19E /* ChatVC.swift */,
				97ECC95D21B71A690050E19E /* ChannelVC.swift */,
				972082D621B9BD6000B53597 /* LoginVC.swift */,
				97DCCDED21BA96BC00712BC9 /* CreateAccountVC.swift */,
			);
			path = Controller;
			sourceTree = "<group>";
		};
		97ECC95B21B71A370050E19E /* View */ = {
			isa = PBXGroup;
			children = (
				9743075421B7A052000D50EF /* GradientView.swift */,
				976BC82721BBD27C002F70C3 /* RoundedButton.swift */,
			);
			path = View;
			sourceTree = "<group>";
		};
		97ECC95C21B71A410050E19E /* Model */ = {
			isa = PBXGroup;
			children = (
			);
			path = Model;
			sourceTree = "<group>";
		};
/* End PBXGroup section */

/* Begin PBXNativeTarget section */
		97ECC93E21B706EA0050E19E /* Smack-Chat App */ = {
			isa = PBXNativeTarget;
			buildConfigurationList = 97ECC95121B706EB0050E19E /* Build configuration list for PBXNativeTarget "Smack-Chat App" */;
			buildPhases = (
				FD095A6C1C7FB627B02AE887 /* [CP] Check Pods Manifest.lock */,
				97ECC93B21B706EA0050E19E /* Sources */,
				97ECC93C21B706EA0050E19E /* Frameworks */,
				97ECC93D21B706EA0050E19E /* Resources */,
				7B712248C747E0A79154E73D /* [CP] Embed Pods Frameworks */,
			);
			buildRules = (
			);
			dependencies = (
			);
			name = "Smack-Chat App";
			productName = "Smack-Chat App";
			productReference = 97ECC93F21B706EA0050E19E /* Smack-Chat App.app */;
			productType = "com.apple.product-type.application";
		};
/* End PBXNativeTarget section */

/* Begin PBXProject section */
		97ECC93721B706EA0050E19E /* Project object */ = {
			isa = PBXProject;
			attributes = {
				LastSwiftUpdateCheck = 1010;
				LastUpgradeCheck = 1010;
				ORGANIZATIONNAME = "Ketan Choyal";
				TargetAttributes = {
					97ECC93E21B706EA0050E19E = {
						CreatedOnToolsVersion = 10.1;
						LastSwiftMigration = 1010;
					};
				};
			};
			buildConfigurationList = 97ECC93A21B706EA0050E19E /* Build configuration list for PBXProject "Smack-Chat App" */;
			compatibilityVersion = "Xcode 9.3";
			developmentRegion = en;
			hasScannedForEncodings = 0;
			knownRegions = (
				en,
				Base,
			);
			mainGroup = 97ECC93621B706EA0050E19E;
			productRefGroup = 97ECC94021B706EA0050E19E /* Products */;
			projectDirPath = "";
			projectRoot = "";
			targets = (
				97ECC93E21B706EA0050E19E /* Smack-Chat App */,
			);
		};
/* End PBXProject section */

/* Begin PBXResourcesBuildPhase section */
		97ECC93D21B706EA0050E19E /* Resources */ = {
			isa = PBXResourcesBuildPhase;
			buildActionMask = 2147483647;
			files = (
				97ECC94D21B706EB0050E19E /* LaunchScreen.storyboard in Resources */,
				97ECC94A21B706EB0050E19E /* Assets.xcassets in Resources */,
				97ECC94821B706EA0050E19E /* Main.storyboard in Resources */,
			);
			runOnlyForDeploymentPostprocessing = 0;
		};
/* End PBXResourcesBuildPhase section */

/* Begin PBXShellScriptBuildPhase section */
		7B712248C747E0A79154E73D /* [CP] Embed Pods Frameworks */ = {
			isa = PBXShellScriptBuildPhase;
			buildActionMask = 2147483647;
			files = (
			);
			inputPaths = (
				"${SRCROOT}/Pods/Target Support Files/Pods-Smack-Chat App/Pods-Smack-Chat App-frameworks.sh",
				"${BUILT_PRODUCTS_DIR}/Alamofire/Alamofire.framework",
				"${BUILT_PRODUCTS_DIR}/Socket.IO-Client-Swift/SocketIO.framework",
				"${BUILT_PRODUCTS_DIR}/Starscream/Starscream.framework",
				"${BUILT_PRODUCTS_DIR}/SwiftyJSON/SwiftyJSON.framework",
			);
			name = "[CP] Embed Pods Frameworks";
			outputPaths = (
				"${TARGET_BUILD_DIR}/${FRAMEWORKS_FOLDER_PATH}/Alamofire.framework",
				"${TARGET_BUILD_DIR}/${FRAMEWORKS_FOLDER_PATH}/SocketIO.framework",
				"${TARGET_BUILD_DIR}/${FRAMEWORKS_FOLDER_PATH}/Starscream.framework",
				"${TARGET_BUILD_DIR}/${FRAMEWORKS_FOLDER_PATH}/SwiftyJSON.framework",
			);
			runOnlyForDeploymentPostprocessing = 0;
			shellPath = /bin/sh;
			shellScript = "\"${SRCROOT}/Pods/Target Support Files/Pods-Smack-Chat App/Pods-Smack-Chat App-frameworks.sh\"\n";
			showEnvVarsInLog = 0;
		};
		FD095A6C1C7FB627B02AE887 /* [CP] Check Pods Manifest.lock */ = {
			isa = PBXShellScriptBuildPhase;
			buildActionMask = 2147483647;
			files = (
			);
			inputPaths = (
				"${PODS_PODFILE_DIR_PATH}/Podfile.lock",
				"${PODS_ROOT}/Manifest.lock",
			);
			name = "[CP] Check Pods Manifest.lock";
			outputPaths = (
				"$(DERIVED_FILE_DIR)/Pods-Smack-Chat App-checkManifestLockResult.txt",
			);
			runOnlyForDeploymentPostprocessing = 0;
			shellPath = /bin/sh;
			shellScript = "diff \"${PODS_PODFILE_DIR_PATH}/Podfile.lock\" \"${PODS_ROOT}/Manifest.lock\" > /dev/null\nif [ $? != 0 ] ; then\n    # print error to STDERR\n    echo \"error: The sandbox is not in sync with the Podfile.lock. Run 'pod install' or update your CocoaPods installation.\" >&2\n    exit 1\nfi\n# This output is used by Xcode 'outputs' to avoid re-running this script phase.\necho \"SUCCESS\" > \"${SCRIPT_OUTPUT_FILE_0}\"\n";
			showEnvVarsInLog = 0;
		};
/* End PBXShellScriptBuildPhase section */

/* Begin PBXSourcesBuildPhase section */
		97ECC93B21B706EA0050E19E /* Sources */ = {
			isa = PBXSourcesBuildPhase;
			buildActionMask = 2147483647;
			files = (
				97ECC95E21B71A690050E19E /* ChannelVC.swift in Sources */,
				976BC82821BBD27C002F70C3 /* RoundedButton.swift in Sources */,
				97ECC94521B706EA0050E19E /* ChatVC.swift in Sources */,
				97DCCDEE21BA96BC00712BC9 /* CreateAccountVC.swift in Sources */,
				97C373E221BBB60F00566B18 /* AuthService.swift in Sources */,
				972082D721B9BD6000B53597 /* LoginVC.swift in Sources */,
				9743075521B7A052000D50EF /* GradientView.swift in Sources */,
				97ECC94321B706EA0050E19E /* AppDelegate.swift in Sources */,
				97ECC95821B712D60050E19E /* SWRevealViewController.m in Sources */,
				972082D521B9B7DB00B53597 /* Constants.swift in Sources */,
			);
			runOnlyForDeploymentPostprocessing = 0;
		};
/* End PBXSourcesBuildPhase section */

/* Begin PBXVariantGroup section */
		97ECC94621B706EA0050E19E /* Main.storyboard */ = {
			isa = PBXVariantGroup;
			children = (
				97ECC94721B706EA0050E19E /* Base */,
			);
			name = Main.storyboard;
			sourceTree = "<group>";
		};
		97ECC94B21B706EB0050E19E /* LaunchScreen.storyboard */ = {
			isa = PBXVariantGroup;
			children = (
				97ECC94C21B706EB0050E19E /* Base */,
			);
			name = LaunchScreen.storyboard;
			sourceTree = "<group>";
		};
/* End PBXVariantGroup section */

/* Begin XCBuildConfiguration section */
		97ECC94F21B706EB0050E19E /* Debug */ = {
			isa = XCBuildConfiguration;
			buildSettings = {
				ALWAYS_SEARCH_USER_PATHS = NO;
				CLANG_ANALYZER_NONNULL = YES;
				CLANG_ANALYZER_NUMBER_OBJECT_CONVERSION = YES_AGGRESSIVE;
				CLANG_CXX_LANGUAGE_STANDARD = "gnu++14";
				CLANG_CXX_LIBRARY = "libc++";
				CLANG_ENABLE_MODULES = YES;
				CLANG_ENABLE_OBJC_ARC = YES;
				CLANG_ENABLE_OBJC_WEAK = YES;
				CLANG_WARN_BLOCK_CAPTURE_AUTORELEASING = YES;
				CLANG_WARN_BOOL_CONVERSION = YES;
				CLANG_WARN_COMMA = YES;
				CLANG_WARN_CONSTANT_CONVERSION = YES;
				CLANG_WARN_DEPRECATED_OBJC_IMPLEMENTATIONS = YES;
				CLANG_WARN_DIRECT_OBJC_ISA_USAGE = YES_ERROR;
				CLANG_WARN_DOCUMENTATION_COMMENTS = YES;
				CLANG_WARN_EMPTY_BODY = YES;
				CLANG_WARN_ENUM_CONVERSION = YES;
				CLANG_WARN_INFINITE_RECURSION = YES;
				CLANG_WARN_INT_CONVERSION = YES;
				CLANG_WARN_NON_LITERAL_NULL_CONVERSION = YES;
				CLANG_WARN_OBJC_IMPLICIT_RETAIN_SELF = YES;
				CLANG_WARN_OBJC_LITERAL_CONVERSION = YES;
				CLANG_WARN_OBJC_ROOT_CLASS = YES_ERROR;
				CLANG_WARN_RANGE_LOOP_ANALYSIS = YES;
				CLANG_WARN_STRICT_PROTOTYPES = YES;
				CLANG_WARN_SUSPICIOUS_MOVE = YES;
				CLANG_WARN_UNGUARDED_AVAILABILITY = YES_AGGRESSIVE;
				CLANG_WARN_UNREACHABLE_CODE = YES;
				CLANG_WARN__DUPLICATE_METHOD_MATCH = YES;
				CODE_SIGN_IDENTITY = "iPhone Developer";
				COPY_PHASE_STRIP = NO;
				DEBUG_INFORMATION_FORMAT = dwarf;
				ENABLE_STRICT_OBJC_MSGSEND = YES;
				ENABLE_TESTABILITY = YES;
				GCC_C_LANGUAGE_STANDARD = gnu11;
				GCC_DYNAMIC_NO_PIC = NO;
				GCC_NO_COMMON_BLOCKS = YES;
				GCC_OPTIMIZATION_LEVEL = 0;
				GCC_PREPROCESSOR_DEFINITIONS = (
					"DEBUG=1",
					"$(inherited)",
				);
				GCC_WARN_64_TO_32_BIT_CONVERSION = YES;
				GCC_WARN_ABOUT_RETURN_TYPE = YES_ERROR;
				GCC_WARN_UNDECLARED_SELECTOR = YES;
				GCC_WARN_UNINITIALIZED_AUTOS = YES_AGGRESSIVE;
				GCC_WARN_UNUSED_FUNCTION = YES;
				GCC_WARN_UNUSED_VARIABLE = YES;
				IPHONEOS_DEPLOYMENT_TARGET = 12.1;
				MTL_ENABLE_DEBUG_INFO = INCLUDE_SOURCE;
				MTL_FAST_MATH = YES;
				ONLY_ACTIVE_ARCH = YES;
				SDKROOT = iphoneos;
				SWIFT_ACTIVE_COMPILATION_CONDITIONS = DEBUG;
				SWIFT_OPTIMIZATION_LEVEL = "-Onone";
			};
			name = Debug;
		};
		97ECC95021B706EB0050E19E /* Release */ = {
			isa = XCBuildConfiguration;
			buildSettings = {
				ALWAYS_SEARCH_USER_PATHS = NO;
				CLANG_ANALYZER_NONNULL = YES;
				CLANG_ANALYZER_NUMBER_OBJECT_CONVERSION = YES_AGGRESSIVE;
				CLANG_CXX_LANGUAGE_STANDARD = "gnu++14";
				CLANG_CXX_LIBRARY = "libc++";
				CLANG_ENABLE_MODULES = YES;
				CLANG_ENABLE_OBJC_ARC = YES;
				CLANG_ENABLE_OBJC_WEAK = YES;
				CLANG_WARN_BLOCK_CAPTURE_AUTORELEASING = YES;
				CLANG_WARN_BOOL_CONVERSION = YES;
				CLANG_WARN_COMMA = YES;
				CLANG_WARN_CONSTANT_CONVERSION = YES;
				CLANG_WARN_DEPRECATED_OBJC_IMPLEMENTATIONS = YES;
				CLANG_WARN_DIRECT_OBJC_ISA_USAGE = YES_ERROR;
				CLANG_WARN_DOCUMENTATION_COMMENTS = YES;
				CLANG_WARN_EMPTY_BODY = YES;
				CLANG_WARN_ENUM_CONVERSION = YES;
				CLANG_WARN_INFINITE_RECURSION = YES;
				CLANG_WARN_INT_CONVERSION = YES;
				CLANG_WARN_NON_LITERAL_NULL_CONVERSION = YES;
				CLANG_WARN_OBJC_IMPLICIT_RETAIN_SELF = YES;
				CLANG_WARN_OBJC_LITERAL_CONVERSION = YES;
				CLANG_WARN_OBJC_ROOT_CLASS = YES_ERROR;
				CLANG_WARN_RANGE_LOOP_ANALYSIS = YES;
				CLANG_WARN_STRICT_PROTOTYPES = YES;
				CLANG_WARN_SUSPICIOUS_MOVE = YES;
				CLANG_WARN_UNGUARDED_AVAILABILITY = YES_AGGRESSIVE;
				CLANG_WARN_UNREACHABLE_CODE = YES;
				CLANG_WARN__DUPLICATE_METHOD_MATCH = YES;
				CODE_SIGN_IDENTITY = "iPhone Developer";
				COPY_PHASE_STRIP = NO;
				DEBUG_INFORMATION_FORMAT = "dwarf-with-dsym";
				ENABLE_NS_ASSERTIONS = NO;
				ENABLE_STRICT_OBJC_MSGSEND = YES;
				GCC_C_LANGUAGE_STANDARD = gnu11;
				GCC_NO_COMMON_BLOCKS = YES;
				GCC_WARN_64_TO_32_BIT_CONVERSION = YES;
				GCC_WARN_ABOUT_RETURN_TYPE = YES_ERROR;
				GCC_WARN_UNDECLARED_SELECTOR = YES;
				GCC_WARN_UNINITIALIZED_AUTOS = YES_AGGRESSIVE;
				GCC_WARN_UNUSED_FUNCTION = YES;
				GCC_WARN_UNUSED_VARIABLE = YES;
				IPHONEOS_DEPLOYMENT_TARGET = 12.1;
				MTL_ENABLE_DEBUG_INFO = NO;
				MTL_FAST_MATH = YES;
				SDKROOT = iphoneos;
				SWIFT_COMPILATION_MODE = wholemodule;
				SWIFT_OPTIMIZATION_LEVEL = "-O";
				VALIDATE_PRODUCT = YES;
			};
			name = Release;
		};
		97ECC95221B706EB0050E19E /* Debug */ = {
			isa = XCBuildConfiguration;
			baseConfigurationReference = 6E4EF8F53289257BE4AA8FC3 /* Pods-Smack-Chat App.debug.xcconfig */;
			buildSettings = {
				ASSETCATALOG_COMPILER_APPICON_NAME = AppIcon;
				CLANG_ENABLE_MODULES = YES;
				CODE_SIGN_STYLE = Automatic;
				DEVELOPMENT_TEAM = V3ZBX77VJ3;
				INFOPLIST_FILE = "Smack-Chat App/Info.plist";
				LD_RUNPATH_SEARCH_PATHS = (
					"$(inherited)",
					"@executable_path/Frameworks",
				);
				PRODUCT_BUNDLE_IDENTIFIER = "com.ketanchoyal.Smack-Chat-App";
				PRODUCT_NAME = "$(TARGET_NAME)";
				SWIFT_OBJC_BRIDGING_HEADER = "Smack-Chat App/Supporting Files/Smack-Chat App-Bridging-Header.h";
				SWIFT_OPTIMIZATION_LEVEL = "-Onone";
				SWIFT_VERSION = 4.2;
				TARGETED_DEVICE_FAMILY = "1,2";
			};
			name = Debug;
		};
		97ECC95321B706EB0050E19E /* Release */ = {
			isa = XCBuildConfiguration;
			baseConfigurationReference = E5BCB10F9196FF028038FC09 /* Pods-Smack-Chat App.release.xcconfig */;
			buildSettings = {
				ASSETCATALOG_COMPILER_APPICON_NAME = AppIcon;
				CLANG_ENABLE_MODULES = YES;
				CODE_SIGN_STYLE = Automatic;
				DEVELOPMENT_TEAM = V3ZBX77VJ3;
				INFOPLIST_FILE = "Smack-Chat App/Info.plist";
				LD_RUNPATH_SEARCH_PATHS = (
					"$(inherited)",
					"@executable_path/Frameworks",
				);
				PRODUCT_BUNDLE_IDENTIFIER = "com.ketanchoyal.Smack-Chat-App";
				PRODUCT_NAME = "$(TARGET_NAME)";
				SWIFT_OBJC_BRIDGING_HEADER = "Smack-Chat App/Supporting Files/Smack-Chat App-Bridging-Header.h";
				SWIFT_VERSION = 4.2;
				TARGETED_DEVICE_FAMILY = "1,2";
			};
			name = Release;
		};
/* End XCBuildConfiguration section */

/* Begin XCConfigurationList section */
		97ECC93A21B706EA0050E19E /* Build configuration list for PBXProject "Smack-Chat App" */ = {
			isa = XCConfigurationList;
			buildConfigurations = (
				97ECC94F21B706EB0050E19E /* Debug */,
				97ECC95021B706EB0050E19E /* Release */,
			);
			defaultConfigurationIsVisible = 0;
			defaultConfigurationName = Release;
		};
		97ECC95121B706EB0050E19E /* Build configuration list for PBXNativeTarget "Smack-Chat App" */ = {
			isa = XCConfigurationList;
			buildConfigurations = (
				97ECC95221B706EB0050E19E /* Debug */,
				97ECC95321B706EB0050E19E /* Release */,
			);
			defaultConfigurationIsVisible = 0;
			defaultConfigurationName = Release;
		};
/* End XCConfigurationList section */
	};
	rootObject = 97ECC93721B706EA0050E19E /* Project object */;
}
